
Microsoft Visual Studio Solution File, Format Version 12.00
# Visual Studio 2013
VisualStudioVersion = 12.0.30501.0
MinimumVisualStudioVersion = 10.0.40219.1
Project("{FAE04EC0-301F-11D3-BF4B-00C04F79EFBC}") = "GoBlog", "GoBlog\GoBlog.csproj", "{27072B96-0A1B-40A7-91A8-C93133A4A162}"
EndProject
Project("{FAE04EC0-301F-11D3-BF4B-00C04F79EFBC}") = "GoBlog.UnitTest", "GoBlog.UnitTest\GoBlog.UnitTest.csproj", "{D9108C0E-4B5A-43A0-A13E-C55CD34BBA19}"
EndProject
Project("{FAE04EC0-301F-11D3-BF4B-00C04F79EFBC}") = "GoBlog.IntegrationTest", "GoBlog.IntegrationTest\GoBlog.IntegrationTest.csproj", "{F267C130-D6A4-4206-AD2D-2592FE1BEAC7}"
EndProject
Global
	GlobalSection(SolutionConfigurationPlatforms) = preSolution
		Debug|Any CPU = Debug|Any CPU
		Release|Any CPU = Release|Any CPU
	EndGlobalSection
	GlobalSection(ProjectConfigurationPlatforms) = postSolution
		{27072B96-0A1B-40A7-91A8-C93133A4A162}.Debug|Any CPU.ActiveCfg = Debug|Any CPU
		{27072B96-0A1B-40A7-91A8-C93133A4A162}.Debug|Any CPU.Build.0 = Debug|Any CPU
		{27072B96-0A1B-40A7-91A8-C93133A4A162}.Release|Any CPU.ActiveCfg = Release|Any CPU
		{27072B96-0A1B-40A7-91A8-C93133A4A162}.Release|Any CPU.Build.0 = Release|Any CPU
		{D9108C0E-4B5A-43A0-A13E-C55CD34BBA19}.Debug|Any CPU.ActiveCfg = Debug|Any CPU
		{D9108C0E-4B5A-43A0-A13E-C55CD34BBA19}.Debug|Any CPU.Build.0 = Debug|Any CPU
		{D9108C0E-4B5A-43A0-A13E-C55CD34BBA19}.Release|Any CPU.ActiveCfg = Release|Any CPU
		{D9108C0E-4B5A-43A0-A13E-C55CD34BBA19}.Release|Any CPU.Build.0 = Release|Any CPU
		{F267C130-D6A4-4206-AD2D-2592FE1BEAC7}.Debug|Any CPU.ActiveCfg = Debug|Any CPU
		{F267C130-D6A4-4206-AD2D-2592FE1BEAC7}.Debug|Any CPU.Build.0 = Debug|Any CPU
		{F267C130-D6A4-4206-AD2D-2592FE1BEAC7}.Release|Any CPU.ActiveCfg = Release|Any CPU
		{F267C130-D6A4-4206-AD2D-2592FE1BEAC7}.Release|Any CPU.Build.0 = Release|Any CPU
	EndGlobalSection
	GlobalSection(SolutionProperties) = preSolution
		HideSolutionNode = FALSE
	EndGlobalSection
EndGlobal
