
Microsoft Visual Studio Solution File, Format Version 12.00
# Visual Studio 2013
VisualStudioVersion = 12.0.30501.0
MinimumVisualStudioVersion = 10.0.40219.1
Project("{2150E333-8FDC-42A3-9474-1A3956D46DE8}") = "Docs", "Docs", "{F5B1635B-E862-467E-8871-19B7A4BE132A}"
	ProjectSection(SolutionItems) = preProject
		todo.txt = todo.txt
	EndProjectSection
EndProject
Project("{FAE04EC0-301F-11D3-BF4B-00C04F79EFBC}") = "GoBlog", "GoBlog\GoBlog.csproj", "{8FF4667B-E092-4006-83D9-650A3EF51F98}"
EndProject
Project("{FAE04EC0-301F-11D3-BF4B-00C04F79EFBC}") = "GoBlog.Domain", "GoBlog.Domain\GoBlog.Domain.csproj", "{C5C5DB99-C45E-40F3-8948-8B7D95DE81F3}"
EndProject
Project("{FAE04EC0-301F-11D3-BF4B-00C04F79EFBC}") = "GoBlog.Tests", "GoBlog.Tests\GoBlog.Tests.csproj", "{216EE10A-A15D-4AAF-A563-644283841172}"
EndProject
Global
	GlobalSection(SolutionConfigurationPlatforms) = preSolution
		Debug|Any CPU = Debug|Any CPU
		Debug|x64 = Debug|x64
		Release|Any CPU = Release|Any CPU
		Release|x64 = Release|x64
	EndGlobalSection
	GlobalSection(ProjectConfigurationPlatforms) = postSolution
		{8FF4667B-E092-4006-83D9-650A3EF51F98}.Debug|Any CPU.ActiveCfg = Debug|Any CPU
		{8FF4667B-E092-4006-83D9-650A3EF51F98}.Debug|Any CPU.Build.0 = Debug|Any CPU
		{8FF4667B-E092-4006-83D9-650A3EF51F98}.Debug|x64.ActiveCfg = Debug|x64
		{8FF4667B-E092-4006-83D9-650A3EF51F98}.Debug|x64.Build.0 = Debug|x64
		{8FF4667B-E092-4006-83D9-650A3EF51F98}.Release|Any CPU.ActiveCfg = Release|Any CPU
		{8FF4667B-E092-4006-83D9-650A3EF51F98}.Release|Any CPU.Build.0 = Release|Any CPU
		{8FF4667B-E092-4006-83D9-650A3EF51F98}.Release|x64.ActiveCfg = Release|x64
		{8FF4667B-E092-4006-83D9-650A3EF51F98}.Release|x64.Build.0 = Release|x64
		{C5C5DB99-C45E-40F3-8948-8B7D95DE81F3}.Debug|Any CPU.ActiveCfg = Debug|Any CPU
		{C5C5DB99-C45E-40F3-8948-8B7D95DE81F3}.Debug|Any CPU.Build.0 = Debug|Any CPU
		{C5C5DB99-C45E-40F3-8948-8B7D95DE81F3}.Debug|x64.ActiveCfg = Debug|Any CPU
		{C5C5DB99-C45E-40F3-8948-8B7D95DE81F3}.Release|Any CPU.ActiveCfg = Release|Any CPU
		{C5C5DB99-C45E-40F3-8948-8B7D95DE81F3}.Release|Any CPU.Build.0 = Release|Any CPU
		{C5C5DB99-C45E-40F3-8948-8B7D95DE81F3}.Release|x64.ActiveCfg = Release|Any CPU
		{216EE10A-A15D-4AAF-A563-644283841172}.Debug|Any CPU.ActiveCfg = Debug|Any CPU
		{216EE10A-A15D-4AAF-A563-644283841172}.Debug|Any CPU.Build.0 = Debug|Any CPU
		{216EE10A-A15D-4AAF-A563-644283841172}.Debug|x64.ActiveCfg = Debug|Any CPU
		{216EE10A-A15D-4AAF-A563-644283841172}.Release|Any CPU.ActiveCfg = Release|Any CPU
		{216EE10A-A15D-4AAF-A563-644283841172}.Release|Any CPU.Build.0 = Release|Any CPU
		{216EE10A-A15D-4AAF-A563-644283841172}.Release|x64.ActiveCfg = Release|Any CPU
	EndGlobalSection
	GlobalSection(SolutionProperties) = preSolution
		HideSolutionNode = FALSE
	EndGlobalSection
EndGlobal
